
Microsoft Visual Studio Solution File, Format Version 12.00
# Visual Studio 14
VisualStudioVersion = 14.0.24720.0
MinimumVisualStudioVersion = 10.0.40219.1
Project("{FAE04EC0-301F-11D3-BF4B-00C04F79EFBC}") = "SnakeClient", "SnakeClientGUI\SnakeClient.csproj", "{8F616605-2F84-45FA-9C65-5139F15A8655}"
EndProject
Project("{FAE04EC0-301F-11D3-BF4B-00C04F79EFBC}") = "SnakeModel", "SnakeModel\SnakeModel.csproj", "{588F4608-86F7-4212-A675-81E833ADBC51}"
EndProject
Project("{FAE04EC0-301F-11D3-BF4B-00C04F79EFBC}") = "NetworkController", "NetworkController\NetworkController.csproj", "{7B2644B7-1617-4706-BC13-D531AFB27E56}"
EndProject
Project("{FAE04EC0-301F-11D3-BF4B-00C04F79EFBC}") = "Resources", "Resources\Resources.csproj", "{F6928F2C-7DD5-40E0-847D-E28E7D547080}"
EndProject
Project("{FAE04EC0-301F-11D3-BF4B-00C04F79EFBC}") = "SnakeServer", "SnakeServer\SnakeServer.csproj", "{4DEED849-734B-4E3B-AACC-3A37EF280692}"
EndProject
Global
	GlobalSection(SolutionConfigurationPlatforms) = preSolution
		Debug|Any CPU = Debug|Any CPU
		Release|Any CPU = Release|Any CPU
	EndGlobalSection
	GlobalSection(ProjectConfigurationPlatforms) = postSolution
		{8F616605-2F84-45FA-9C65-5139F15A8655}.Debug|Any CPU.ActiveCfg = Debug|Any CPU
		{8F616605-2F84-45FA-9C65-5139F15A8655}.Debug|Any CPU.Build.0 = Debug|Any CPU
		{8F616605-2F84-45FA-9C65-5139F15A8655}.Release|Any CPU.ActiveCfg = Release|Any CPU
		{8F616605-2F84-45FA-9C65-5139F15A8655}.Release|Any CPU.Build.0 = Release|Any CPU
		{588F4608-86F7-4212-A675-81E833ADBC51}.Debug|Any CPU.ActiveCfg = Debug|Any CPU
		{588F4608-86F7-4212-A675-81E833ADBC51}.Debug|Any CPU.Build.0 = Debug|Any CPU
		{588F4608-86F7-4212-A675-81E833ADBC51}.Release|Any CPU.ActiveCfg = Release|Any CPU
		{588F4608-86F7-4212-A675-81E833ADBC51}.Release|Any CPU.Build.0 = Release|Any CPU
		{7B2644B7-1617-4706-BC13-D531AFB27E56}.Debug|Any CPU.ActiveCfg = Debug|Any CPU
		{7B2644B7-1617-4706-BC13-D531AFB27E56}.Debug|Any CPU.Build.0 = Debug|Any CPU
		{7B2644B7-1617-4706-BC13-D531AFB27E56}.Release|Any CPU.ActiveCfg = Release|Any CPU
		{7B2644B7-1617-4706-BC13-D531AFB27E56}.Release|Any CPU.Build.0 = Release|Any CPU
		{F6928F2C-7DD5-40E0-847D-E28E7D547080}.Debug|Any CPU.ActiveCfg = Debug|Any CPU
		{F6928F2C-7DD5-40E0-847D-E28E7D547080}.Debug|Any CPU.Build.0 = Debug|Any CPU
		{F6928F2C-7DD5-40E0-847D-E28E7D547080}.Release|Any CPU.ActiveCfg = Release|Any CPU
		{F6928F2C-7DD5-40E0-847D-E28E7D547080}.Release|Any CPU.Build.0 = Release|Any CPU
		{4DEED849-734B-4E3B-AACC-3A37EF280692}.Debug|Any CPU.ActiveCfg = Debug|Any CPU
		{4DEED849-734B-4E3B-AACC-3A37EF280692}.Debug|Any CPU.Build.0 = Debug|Any CPU
		{4DEED849-734B-4E3B-AACC-3A37EF280692}.Release|Any CPU.ActiveCfg = Release|Any CPU
		{4DEED849-734B-4E3B-AACC-3A37EF280692}.Release|Any CPU.Build.0 = Release|Any CPU
	EndGlobalSection
	GlobalSection(SolutionProperties) = preSolution
		HideSolutionNode = FALSE
	EndGlobalSection
EndGlobal
