
Microsoft Visual Studio Solution File, Format Version 12.00
# Visual Studio 14
VisualStudioVersion = 14.0.25420.1
MinimumVisualStudioVersion = 10.0.40219.1
Project("{FAE04EC0-301F-11D3-BF4B-00C04F79EFBC}") = "Spreadsheet", "Spreadsheet\Spreadsheet.csproj", "{6960A32D-D637-4AE1-83C2-E78066FF343F}"
	ProjectSection(ProjectDependencies) = postProject
		{B3B915FE-57A7-448E-8491-AB2C34D0E8BB} = {B3B915FE-57A7-448E-8491-AB2C34D0E8BB}
	EndProjectSection
EndProject
Project("{FAE04EC0-301F-11D3-BF4B-00C04F79EFBC}") = "SpreadsheetPanel", "SpreadsheetPanel\SpreadsheetPanel.csproj", "{F31299DC-288F-4E46-A3AF-6BF461B21C79}"
EndProject
Project("{FAE04EC0-301F-11D3-BF4B-00C04F79EFBC}") = "SpreadsheetGUI", "SpreadsheetGUI\SpreadsheetGUI.csproj", "{8F172578-1C43-467B-A5FC-21CBA32067DC}"
EndProject
Project("{FAE04EC0-301F-11D3-BF4B-00C04F79EFBC}") = "Resources", "Resource\Resources.csproj", "{B3B915FE-57A7-448E-8491-AB2C34D0E8BB}"
EndProject
Project("{FAE04EC0-301F-11D3-BF4B-00C04F79EFBC}") = "NetworkController", "NetworkController\NetworkController.csproj", "{7B2644B7-1617-4706-BC13-D531AFB27E56}"
EndProject
Project("{FAE04EC0-301F-11D3-BF4B-00C04F79EFBC}") = "Formula", "Formula\Formula.csproj", "{D63D85ED-E2E0-416C-9375-BCA8206AB5BC}"
EndProject
Global
	GlobalSection(SolutionConfigurationPlatforms) = preSolution
		Debug|Any CPU = Debug|Any CPU
		Debug|x86 = Debug|x86
		Release|Any CPU = Release|Any CPU
		Release|x86 = Release|x86
	EndGlobalSection
	GlobalSection(ProjectConfigurationPlatforms) = postSolution
		{6960A32D-D637-4AE1-83C2-E78066FF343F}.Debug|Any CPU.ActiveCfg = Debug|Any CPU
		{6960A32D-D637-4AE1-83C2-E78066FF343F}.Debug|Any CPU.Build.0 = Debug|Any CPU
		{6960A32D-D637-4AE1-83C2-E78066FF343F}.Debug|x86.ActiveCfg = Debug|Any CPU
		{6960A32D-D637-4AE1-83C2-E78066FF343F}.Debug|x86.Build.0 = Debug|Any CPU
		{6960A32D-D637-4AE1-83C2-E78066FF343F}.Release|Any CPU.ActiveCfg = Release|Any CPU
		{6960A32D-D637-4AE1-83C2-E78066FF343F}.Release|Any CPU.Build.0 = Release|Any CPU
		{6960A32D-D637-4AE1-83C2-E78066FF343F}.Release|x86.ActiveCfg = Release|Any CPU
		{6960A32D-D637-4AE1-83C2-E78066FF343F}.Release|x86.Build.0 = Release|Any CPU
		{F31299DC-288F-4E46-A3AF-6BF461B21C79}.Debug|Any CPU.ActiveCfg = Debug|x86
		{F31299DC-288F-4E46-A3AF-6BF461B21C79}.Debug|Any CPU.Build.0 = Debug|x86
		{F31299DC-288F-4E46-A3AF-6BF461B21C79}.Debug|x86.ActiveCfg = Debug|x86
		{F31299DC-288F-4E46-A3AF-6BF461B21C79}.Debug|x86.Build.0 = Debug|x86
		{F31299DC-288F-4E46-A3AF-6BF461B21C79}.Release|Any CPU.ActiveCfg = Release|x86
		{F31299DC-288F-4E46-A3AF-6BF461B21C79}.Release|x86.ActiveCfg = Release|x86
		{F31299DC-288F-4E46-A3AF-6BF461B21C79}.Release|x86.Build.0 = Release|x86
		{8F172578-1C43-467B-A5FC-21CBA32067DC}.Debug|Any CPU.ActiveCfg = Debug|Any CPU
		{8F172578-1C43-467B-A5FC-21CBA32067DC}.Debug|Any CPU.Build.0 = Debug|Any CPU
		{8F172578-1C43-467B-A5FC-21CBA32067DC}.Debug|x86.ActiveCfg = Debug|Any CPU
		{8F172578-1C43-467B-A5FC-21CBA32067DC}.Debug|x86.Build.0 = Debug|Any CPU
		{8F172578-1C43-467B-A5FC-21CBA32067DC}.Release|Any CPU.ActiveCfg = Release|Any CPU
		{8F172578-1C43-467B-A5FC-21CBA32067DC}.Release|Any CPU.Build.0 = Release|Any CPU
		{8F172578-1C43-467B-A5FC-21CBA32067DC}.Release|x86.ActiveCfg = Release|Any CPU
		{8F172578-1C43-467B-A5FC-21CBA32067DC}.Release|x86.Build.0 = Release|Any CPU
		{B3B915FE-57A7-448E-8491-AB2C34D0E8BB}.Debug|Any CPU.ActiveCfg = Debug|Any CPU
		{B3B915FE-57A7-448E-8491-AB2C34D0E8BB}.Debug|x86.ActiveCfg = Debug|Any CPU
		{B3B915FE-57A7-448E-8491-AB2C34D0E8BB}.Debug|x86.Build.0 = Debug|Any CPU
		{B3B915FE-57A7-448E-8491-AB2C34D0E8BB}.Release|Any CPU.ActiveCfg = Release|Any CPU
		{B3B915FE-57A7-448E-8491-AB2C34D0E8BB}.Release|Any CPU.Build.0 = Release|Any CPU
		{B3B915FE-57A7-448E-8491-AB2C34D0E8BB}.Release|x86.ActiveCfg = Release|Any CPU
		{B3B915FE-57A7-448E-8491-AB2C34D0E8BB}.Release|x86.Build.0 = Release|Any CPU
		{7B2644B7-1617-4706-BC13-D531AFB27E56}.Debug|Any CPU.ActiveCfg = Debug|Any CPU
		{7B2644B7-1617-4706-BC13-D531AFB27E56}.Debug|Any CPU.Build.0 = Debug|Any CPU
		{7B2644B7-1617-4706-BC13-D531AFB27E56}.Debug|x86.ActiveCfg = Debug|Any CPU
		{7B2644B7-1617-4706-BC13-D531AFB27E56}.Debug|x86.Build.0 = Debug|Any CPU
		{7B2644B7-1617-4706-BC13-D531AFB27E56}.Release|Any CPU.ActiveCfg = Release|Any CPU
		{7B2644B7-1617-4706-BC13-D531AFB27E56}.Release|Any CPU.Build.0 = Release|Any CPU
		{7B2644B7-1617-4706-BC13-D531AFB27E56}.Release|x86.ActiveCfg = Release|Any CPU
		{7B2644B7-1617-4706-BC13-D531AFB27E56}.Release|x86.Build.0 = Release|Any CPU
		{D63D85ED-E2E0-416C-9375-BCA8206AB5BC}.Debug|Any CPU.ActiveCfg = Debug|Any CPU
		{D63D85ED-E2E0-416C-9375-BCA8206AB5BC}.Debug|Any CPU.Build.0 = Debug|Any CPU
		{D63D85ED-E2E0-416C-9375-BCA8206AB5BC}.Debug|x86.ActiveCfg = Debug|Any CPU
		{D63D85ED-E2E0-416C-9375-BCA8206AB5BC}.Debug|x86.Build.0 = Debug|Any CPU
		{D63D85ED-E2E0-416C-9375-BCA8206AB5BC}.Release|Any CPU.ActiveCfg = Release|Any CPU
		{D63D85ED-E2E0-416C-9375-BCA8206AB5BC}.Release|Any CPU.Build.0 = Release|Any CPU
		{D63D85ED-E2E0-416C-9375-BCA8206AB5BC}.Release|x86.ActiveCfg = Release|Any CPU
		{D63D85ED-E2E0-416C-9375-BCA8206AB5BC}.Release|x86.Build.0 = Release|Any CPU
	EndGlobalSection
	GlobalSection(SolutionProperties) = preSolution
		HideSolutionNode = FALSE
	EndGlobalSection
EndGlobal
