
Microsoft Visual Studio Solution File, Format Version 12.00
# Visual Studio 14
VisualStudioVersion = 14.0.25420.1
MinimumVisualStudioVersion = 10.0.40219.1
Project("{FAE04EC0-301F-11D3-BF4B-00C04F79EFBC}") = "Spreadsheet", "Spreadsheet\Spreadsheet.csproj", "{6960A32D-D637-4AE1-83C2-E78066FF343F}"
EndProject
Project("{FAE04EC0-301F-11D3-BF4B-00C04F79EFBC}") = "SpreadsheetTests", "UnitTestProject1\SpreadsheetTests.csproj", "{3E3CE273-1E1E-4F21-AB51-54E1A7876779}"
EndProject
Project("{FAE04EC0-301F-11D3-BF4B-00C04F79EFBC}") = "Project1", "Project1\Project1.csproj", "{B3B915FE-57A7-448E-8491-AB2C34D0E8BB}"
EndProject
Global
	GlobalSection(SolutionConfigurationPlatforms) = preSolution
		Debug|Any CPU = Debug|Any CPU
		Release|Any CPU = Release|Any CPU
	EndGlobalSection
	GlobalSection(ProjectConfigurationPlatforms) = postSolution
		{6960A32D-D637-4AE1-83C2-E78066FF343F}.Debug|Any CPU.ActiveCfg = Debug|Any CPU
		{6960A32D-D637-4AE1-83C2-E78066FF343F}.Debug|Any CPU.Build.0 = Debug|Any CPU
		{6960A32D-D637-4AE1-83C2-E78066FF343F}.Release|Any CPU.ActiveCfg = Release|Any CPU
		{6960A32D-D637-4AE1-83C2-E78066FF343F}.Release|Any CPU.Build.0 = Release|Any CPU
		{3E3CE273-1E1E-4F21-AB51-54E1A7876779}.Debug|Any CPU.ActiveCfg = Debug|Any CPU
		{3E3CE273-1E1E-4F21-AB51-54E1A7876779}.Debug|Any CPU.Build.0 = Debug|Any CPU
		{3E3CE273-1E1E-4F21-AB51-54E1A7876779}.Release|Any CPU.ActiveCfg = Release|Any CPU
		{3E3CE273-1E1E-4F21-AB51-54E1A7876779}.Release|Any CPU.Build.0 = Release|Any CPU
		{B3B915FE-57A7-448E-8491-AB2C34D0E8BB}.Debug|Any CPU.ActiveCfg = Debug|Any CPU
		{B3B915FE-57A7-448E-8491-AB2C34D0E8BB}.Debug|Any CPU.Build.0 = Debug|Any CPU
		{B3B915FE-57A7-448E-8491-AB2C34D0E8BB}.Release|Any CPU.ActiveCfg = Release|Any CPU
		{B3B915FE-57A7-448E-8491-AB2C34D0E8BB}.Release|Any CPU.Build.0 = Release|Any CPU
	EndGlobalSection
	GlobalSection(SolutionProperties) = preSolution
		HideSolutionNode = FALSE
	EndGlobalSection
EndGlobal
